
Microsoft Visual Studio Solution File, Format Version 12.00
# Visual Studio Version 16
VisualStudioVersion = 16.0.30717.126
MinimumVisualStudioVersion = 10.0.40219.1
Project("{9A19103F-16F7-4668-BE54-9A1E7A4F7556}") = "WorkoutTracker.Server", "WorkoutTracker\Server\WorkoutTracker.Server.csproj", "{BA5C5CBE-4F71-4F41-BAC9-191E132A0CA7}"
EndProject
Project("{9A19103F-16F7-4668-BE54-9A1E7A4F7556}") = "WorkoutTracker.Client", "WorkoutTracker\Client\WorkoutTracker.Client.csproj", "{70EC47E4-E0B9-48F9-A8CB-EAF14D6EE827}"
EndProject
Project("{9A19103F-16F7-4668-BE54-9A1E7A4F7556}") = "WorkoutTracker.Shared", "WorkoutTracker\Shared\WorkoutTracker.Shared.csproj", "{0D68F24A-46F9-4A1F-8F92-38564181CCAB}"
EndProject
Global
	GlobalSection(SolutionConfigurationPlatforms) = preSolution
		Debug|Any CPU = Debug|Any CPU
		Release|Any CPU = Release|Any CPU
	EndGlobalSection
	GlobalSection(ProjectConfigurationPlatforms) = postSolution
		{BA5C5CBE-4F71-4F41-BAC9-191E132A0CA7}.Debug|Any CPU.ActiveCfg = Debug|Any CPU
		{BA5C5CBE-4F71-4F41-BAC9-191E132A0CA7}.Debug|Any CPU.Build.0 = Debug|Any CPU
		{BA5C5CBE-4F71-4F41-BAC9-191E132A0CA7}.Release|Any CPU.ActiveCfg = Release|Any CPU
		{BA5C5CBE-4F71-4F41-BAC9-191E132A0CA7}.Release|Any CPU.Build.0 = Release|Any CPU
		{70EC47E4-E0B9-48F9-A8CB-EAF14D6EE827}.Debug|Any CPU.ActiveCfg = Debug|Any CPU
		{70EC47E4-E0B9-48F9-A8CB-EAF14D6EE827}.Debug|Any CPU.Build.0 = Debug|Any CPU
		{70EC47E4-E0B9-48F9-A8CB-EAF14D6EE827}.Release|Any CPU.ActiveCfg = Release|Any CPU
		{70EC47E4-E0B9-48F9-A8CB-EAF14D6EE827}.Release|Any CPU.Build.0 = Release|Any CPU
		{0D68F24A-46F9-4A1F-8F92-38564181CCAB}.Debug|Any CPU.ActiveCfg = Debug|Any CPU
		{0D68F24A-46F9-4A1F-8F92-38564181CCAB}.Debug|Any CPU.Build.0 = Debug|Any CPU
		{0D68F24A-46F9-4A1F-8F92-38564181CCAB}.Release|Any CPU.ActiveCfg = Release|Any CPU
		{0D68F24A-46F9-4A1F-8F92-38564181CCAB}.Release|Any CPU.Build.0 = Release|Any CPU
	EndGlobalSection
	GlobalSection(SolutionProperties) = preSolution
		HideSolutionNode = FALSE
	EndGlobalSection
	GlobalSection(ExtensibilityGlobals) = postSolution
		SolutionGuid = {3E8417C8-85FA-4888-9690-F34C29906403}
	EndGlobalSection
EndGlobal
